
Microsoft Visual Studio Solution File, Format Version 12.00
# Visual Studio Version 16
VisualStudioVersion = 16.0.30114.105
MinimumVisualStudioVersion = 10.0.40219.1
Project("{9A19103F-16F7-4668-BE54-9A1E7A4F7556}") = "WriteThatDownBot", "WriteThatDownBot\WriteThatDownBot.csproj", "{A34ABA91-B30D-4E8F-A4BD-25FFD4C6B186}"
EndProject
Project("{9A19103F-16F7-4668-BE54-9A1E7A4F7556}") = "WriteThatDownBot.Tests", "WriteThatDownBot.Tests\WriteThatDownBot.Tests.csproj", "{FEBFB2EE-8A80-49FF-A01E-A1E3EE7AE7A7}"
EndProject
Project("{2150E333-8FDC-42A3-9474-1A3956D46DE8}") = "Skills", "Skills", "{259B2380-760B-4533-B6E3-10C418CEAA22}"
EndProject
Global
	GlobalSection(SolutionConfigurationPlatforms) = preSolution
		Debug|Any CPU = Debug|Any CPU
		Release|Any CPU = Release|Any CPU
	EndGlobalSection
	GlobalSection(ProjectConfigurationPlatforms) = postSolution
		{A34ABA91-B30D-4E8F-A4BD-25FFD4C6B186}.Debug|Any CPU.ActiveCfg = Debug|Any CPU
		{A34ABA91-B30D-4E8F-A4BD-25FFD4C6B186}.Debug|Any CPU.Build.0 = Debug|Any CPU
		{A34ABA91-B30D-4E8F-A4BD-25FFD4C6B186}.Release|Any CPU.ActiveCfg = Release|Any CPU
		{A34ABA91-B30D-4E8F-A4BD-25FFD4C6B186}.Release|Any CPU.Build.0 = Release|Any CPU
		{FEBFB2EE-8A80-49FF-A01E-A1E3EE7AE7A7}.Debug|Any CPU.ActiveCfg = Debug|Any CPU
		{FEBFB2EE-8A80-49FF-A01E-A1E3EE7AE7A7}.Debug|Any CPU.Build.0 = Debug|Any CPU
		{FEBFB2EE-8A80-49FF-A01E-A1E3EE7AE7A7}.Release|Any CPU.ActiveCfg = Release|Any CPU
		{FEBFB2EE-8A80-49FF-A01E-A1E3EE7AE7A7}.Release|Any CPU.Build.0 = Release|Any CPU
	EndGlobalSection
	GlobalSection(SolutionProperties) = preSolution
		HideSolutionNode = FALSE
	EndGlobalSection
	GlobalSection(ExtensibilityGlobals) = postSolution
		SolutionGuid = {D1AA941A-B5CE-42F0-88C7-C5DB5E2D0E2E}
	EndGlobalSection
EndGlobal
